
Microsoft Visual Studio Solution File, Format Version 12.00
# Visual Studio 15
VisualStudioVersion = 15.0.27703.2042
MinimumVisualStudioVersion = 10.0.40219.1
Project("{9A19103F-16F7-4668-BE54-9A1E7A4F7556}") = "Tradeio.Stellar", "Tradeio.Stellar\Tradeio.Stellar.csproj", "{77FAF493-1B59-4641-8F99-EB5E9A4FEDBB}"
EndProject
Project("{9A19103F-16F7-4668-BE54-9A1E7A4F7556}") = "Tradeio.Stellar.Withdrawal", "Tradeio.Stellar.Withdrawal\Tradeio.Stellar.Withdrawal.csproj", "{F0901EAD-C4D4-4646-88BE-1F877627A806}"
EndProject
Project("{9A19103F-16F7-4668-BE54-9A1E7A4F7556}") = "Tradeio.Stellar.Deposit", "Tradeio.Stellar.Deposit\Tradeio.Stellar.Deposit.csproj", "{FC755B12-16FF-4518-87E5-67EE26695EC8}"
EndProject
Project("{9A19103F-16F7-4668-BE54-9A1E7A4F7556}") = "Tradeio.Stellar.Configuration", "Tradeio.Stellar.Configuration\Tradeio.Stellar.Configuration.csproj", "{DA289A22-5498-40B2-8199-EFC621E4FD68}"
EndProject
Project("{9A19103F-16F7-4668-BE54-9A1E7A4F7556}") = "Tradeio.Stellar.Tests", "Tradeio.Stellar.Tests\Tradeio.Stellar.Tests.csproj", "{DF0E1E4C-5DF4-4FDD-AC11-A07DCAE36C53}"
EndProject
Project("{2150E333-8FDC-42A3-9474-1A3956D46DE8}") = "Tests", "Tests", "{8E325620-2A5D-4BB6-AFB4-D9551B8FA199}"
EndProject
Project("{FAE04EC0-301F-11D3-BF4B-00C04F79EFBC}") = "Tradeio.Stellar.Client", "Tradeio.Stellar.Client\Tradeio.Stellar.Client.csproj", "{8E9B3C35-CF30-4FCE-91EB-6A359E0485D1}"
EndProject
Project("{2150E333-8FDC-42A3-9474-1A3956D46DE8}") = "ExternalComponents", "ExternalComponents", "{D09D34CC-3F60-4FC8-98A8-1434F851E174}"
EndProject
Project("{FAE04EC0-301F-11D3-BF4B-00C04F79EFBC}") = "Tradeio.Balance", "Tradeio.Balance\Tradeio.Balance.csproj", "{7EDEC51A-D7C5-46F1-A4CD-E6C1539E859B}"
EndProject
Project("{FAE04EC0-301F-11D3-BF4B-00C04F79EFBC}") = "Tradeio.Email", "Tradeio.Email\Tradeio.Email.csproj", "{1848B40F-AFB2-463C-8EE4-DB3DC6EB09FB}"
EndProject
Project("{9A19103F-16F7-4668-BE54-9A1E7A4F7556}") = "Tradeio.Stellar.Data", "Tradeio.Stellar.Data\Tradeio.Stellar.Data.csproj", "{46F158CE-A2BE-4372-925D-3946F82369C6}"
EndProject
Global
	GlobalSection(SolutionConfigurationPlatforms) = preSolution
		Debug|Any CPU = Debug|Any CPU
		Release|Any CPU = Release|Any CPU
	EndGlobalSection
	GlobalSection(ProjectConfigurationPlatforms) = postSolution
		{77FAF493-1B59-4641-8F99-EB5E9A4FEDBB}.Debug|Any CPU.ActiveCfg = Debug|Any CPU
		{77FAF493-1B59-4641-8F99-EB5E9A4FEDBB}.Debug|Any CPU.Build.0 = Debug|Any CPU
		{77FAF493-1B59-4641-8F99-EB5E9A4FEDBB}.Release|Any CPU.ActiveCfg = Release|Any CPU
		{77FAF493-1B59-4641-8F99-EB5E9A4FEDBB}.Release|Any CPU.Build.0 = Release|Any CPU
		{F0901EAD-C4D4-4646-88BE-1F877627A806}.Debug|Any CPU.ActiveCfg = Debug|Any CPU
		{F0901EAD-C4D4-4646-88BE-1F877627A806}.Debug|Any CPU.Build.0 = Debug|Any CPU
		{F0901EAD-C4D4-4646-88BE-1F877627A806}.Release|Any CPU.ActiveCfg = Release|Any CPU
		{F0901EAD-C4D4-4646-88BE-1F877627A806}.Release|Any CPU.Build.0 = Release|Any CPU
		{FC755B12-16FF-4518-87E5-67EE26695EC8}.Debug|Any CPU.ActiveCfg = Debug|Any CPU
		{FC755B12-16FF-4518-87E5-67EE26695EC8}.Debug|Any CPU.Build.0 = Debug|Any CPU
		{FC755B12-16FF-4518-87E5-67EE26695EC8}.Release|Any CPU.ActiveCfg = Release|Any CPU
		{FC755B12-16FF-4518-87E5-67EE26695EC8}.Release|Any CPU.Build.0 = Release|Any CPU
		{DA289A22-5498-40B2-8199-EFC621E4FD68}.Debug|Any CPU.ActiveCfg = Debug|Any CPU
		{DA289A22-5498-40B2-8199-EFC621E4FD68}.Debug|Any CPU.Build.0 = Debug|Any CPU
		{DA289A22-5498-40B2-8199-EFC621E4FD68}.Release|Any CPU.ActiveCfg = Release|Any CPU
		{DA289A22-5498-40B2-8199-EFC621E4FD68}.Release|Any CPU.Build.0 = Release|Any CPU
		{DF0E1E4C-5DF4-4FDD-AC11-A07DCAE36C53}.Debug|Any CPU.ActiveCfg = Debug|Any CPU
		{DF0E1E4C-5DF4-4FDD-AC11-A07DCAE36C53}.Debug|Any CPU.Build.0 = Debug|Any CPU
		{DF0E1E4C-5DF4-4FDD-AC11-A07DCAE36C53}.Release|Any CPU.ActiveCfg = Release|Any CPU
		{DF0E1E4C-5DF4-4FDD-AC11-A07DCAE36C53}.Release|Any CPU.Build.0 = Release|Any CPU
		{8E9B3C35-CF30-4FCE-91EB-6A359E0485D1}.Debug|Any CPU.ActiveCfg = Debug|Any CPU
		{8E9B3C35-CF30-4FCE-91EB-6A359E0485D1}.Debug|Any CPU.Build.0 = Debug|Any CPU
		{8E9B3C35-CF30-4FCE-91EB-6A359E0485D1}.Release|Any CPU.ActiveCfg = Release|Any CPU
		{8E9B3C35-CF30-4FCE-91EB-6A359E0485D1}.Release|Any CPU.Build.0 = Release|Any CPU
		{7EDEC51A-D7C5-46F1-A4CD-E6C1539E859B}.Debug|Any CPU.ActiveCfg = Debug|Any CPU
		{7EDEC51A-D7C5-46F1-A4CD-E6C1539E859B}.Debug|Any CPU.Build.0 = Debug|Any CPU
		{7EDEC51A-D7C5-46F1-A4CD-E6C1539E859B}.Release|Any CPU.ActiveCfg = Release|Any CPU
		{7EDEC51A-D7C5-46F1-A4CD-E6C1539E859B}.Release|Any CPU.Build.0 = Release|Any CPU
		{1848B40F-AFB2-463C-8EE4-DB3DC6EB09FB}.Debug|Any CPU.ActiveCfg = Debug|Any CPU
		{1848B40F-AFB2-463C-8EE4-DB3DC6EB09FB}.Debug|Any CPU.Build.0 = Debug|Any CPU
		{1848B40F-AFB2-463C-8EE4-DB3DC6EB09FB}.Release|Any CPU.ActiveCfg = Release|Any CPU
		{1848B40F-AFB2-463C-8EE4-DB3DC6EB09FB}.Release|Any CPU.Build.0 = Release|Any CPU
		{46F158CE-A2BE-4372-925D-3946F82369C6}.Debug|Any CPU.ActiveCfg = Debug|Any CPU
		{46F158CE-A2BE-4372-925D-3946F82369C6}.Debug|Any CPU.Build.0 = Debug|Any CPU
		{46F158CE-A2BE-4372-925D-3946F82369C6}.Release|Any CPU.ActiveCfg = Release|Any CPU
		{46F158CE-A2BE-4372-925D-3946F82369C6}.Release|Any CPU.Build.0 = Release|Any CPU
	EndGlobalSection
	GlobalSection(SolutionProperties) = preSolution
		HideSolutionNode = FALSE
	EndGlobalSection
	GlobalSection(NestedProjects) = preSolution
		{DF0E1E4C-5DF4-4FDD-AC11-A07DCAE36C53} = {8E325620-2A5D-4BB6-AFB4-D9551B8FA199}
		{7EDEC51A-D7C5-46F1-A4CD-E6C1539E859B} = {D09D34CC-3F60-4FC8-98A8-1434F851E174}
		{1848B40F-AFB2-463C-8EE4-DB3DC6EB09FB} = {D09D34CC-3F60-4FC8-98A8-1434F851E174}
	EndGlobalSection
	GlobalSection(ExtensibilityGlobals) = postSolution
		SolutionGuid = {93F77FA7-E65B-4D0A-95D0-737300744B83}
	EndGlobalSection
EndGlobal
